
Microsoft Visual Studio Solution File, Format Version 12.00
# Visual Studio Version 16
VisualStudioVersion = 16.0.29709.97
MinimumVisualStudioVersion = 10.0.40219.1
Project("{FAE04EC0-301F-11D3-BF4B-00C04F79EFBC}") = "FantasticBattle", "FantasticBattle\FantasticBattle.csproj", "{19B33F9F-38CA-4936-859E-4FCA26E893E9}"
EndProject
Project("{FAE04EC0-301F-11D3-BF4B-00C04F79EFBC}") = "Scene.MainMenu", "Scene.MainMenu\Scene.MainMenu.csproj", "{B9E0A8C6-7602-4F3C-B486-D58B70032FA9}"
EndProject
Project("{FAE04EC0-301F-11D3-BF4B-00C04F79EFBC}") = "Scene.Game", "Scene.Game\Scene.Game.csproj", "{5C4A51F3-5B32-454D-8BFC-201896E42820}"
EndProject
Project("{FAE04EC0-301F-11D3-BF4B-00C04F79EFBC}") = "Utils.Controls", "Utils.Controls\Utils.Controls.csproj", "{F82B1012-C254-4F72-AE39-34463F549947}"
EndProject
Global
	GlobalSection(SolutionConfigurationPlatforms) = preSolution
		Debug|Any CPU = Debug|Any CPU
		Debug|x86 = Debug|x86
		Release|Any CPU = Release|Any CPU
		Release|x86 = Release|x86
	EndGlobalSection
	GlobalSection(ProjectConfigurationPlatforms) = postSolution
		{19B33F9F-38CA-4936-859E-4FCA26E893E9}.Debug|Any CPU.ActiveCfg = Debug|x86
		{19B33F9F-38CA-4936-859E-4FCA26E893E9}.Debug|x86.ActiveCfg = Debug|x86
		{19B33F9F-38CA-4936-859E-4FCA26E893E9}.Debug|x86.Build.0 = Debug|x86
		{19B33F9F-38CA-4936-859E-4FCA26E893E9}.Release|Any CPU.ActiveCfg = Release|x86
		{19B33F9F-38CA-4936-859E-4FCA26E893E9}.Release|x86.ActiveCfg = Release|x86
		{19B33F9F-38CA-4936-859E-4FCA26E893E9}.Release|x86.Build.0 = Release|x86
		{B9E0A8C6-7602-4F3C-B486-D58B70032FA9}.Debug|Any CPU.ActiveCfg = Debug|Any CPU
		{B9E0A8C6-7602-4F3C-B486-D58B70032FA9}.Debug|Any CPU.Build.0 = Debug|Any CPU
		{B9E0A8C6-7602-4F3C-B486-D58B70032FA9}.Debug|x86.ActiveCfg = Debug|Any CPU
		{B9E0A8C6-7602-4F3C-B486-D58B70032FA9}.Debug|x86.Build.0 = Debug|Any CPU
		{B9E0A8C6-7602-4F3C-B486-D58B70032FA9}.Release|Any CPU.ActiveCfg = Release|Any CPU
		{B9E0A8C6-7602-4F3C-B486-D58B70032FA9}.Release|Any CPU.Build.0 = Release|Any CPU
		{B9E0A8C6-7602-4F3C-B486-D58B70032FA9}.Release|x86.ActiveCfg = Release|Any CPU
		{B9E0A8C6-7602-4F3C-B486-D58B70032FA9}.Release|x86.Build.0 = Release|Any CPU
		{5C4A51F3-5B32-454D-8BFC-201896E42820}.Debug|Any CPU.ActiveCfg = Debug|Any CPU
		{5C4A51F3-5B32-454D-8BFC-201896E42820}.Debug|Any CPU.Build.0 = Debug|Any CPU
		{5C4A51F3-5B32-454D-8BFC-201896E42820}.Debug|x86.ActiveCfg = Debug|Any CPU
		{5C4A51F3-5B32-454D-8BFC-201896E42820}.Debug|x86.Build.0 = Debug|Any CPU
		{5C4A51F3-5B32-454D-8BFC-201896E42820}.Release|Any CPU.ActiveCfg = Release|Any CPU
		{5C4A51F3-5B32-454D-8BFC-201896E42820}.Release|Any CPU.Build.0 = Release|Any CPU
		{5C4A51F3-5B32-454D-8BFC-201896E42820}.Release|x86.ActiveCfg = Release|Any CPU
		{5C4A51F3-5B32-454D-8BFC-201896E42820}.Release|x86.Build.0 = Release|Any CPU
		{F82B1012-C254-4F72-AE39-34463F549947}.Debug|Any CPU.ActiveCfg = Debug|Any CPU
		{F82B1012-C254-4F72-AE39-34463F549947}.Debug|Any CPU.Build.0 = Debug|Any CPU
		{F82B1012-C254-4F72-AE39-34463F549947}.Debug|x86.ActiveCfg = Debug|Any CPU
		{F82B1012-C254-4F72-AE39-34463F549947}.Debug|x86.Build.0 = Debug|Any CPU
		{F82B1012-C254-4F72-AE39-34463F549947}.Release|Any CPU.ActiveCfg = Release|Any CPU
		{F82B1012-C254-4F72-AE39-34463F549947}.Release|Any CPU.Build.0 = Release|Any CPU
		{F82B1012-C254-4F72-AE39-34463F549947}.Release|x86.ActiveCfg = Release|Any CPU
		{F82B1012-C254-4F72-AE39-34463F549947}.Release|x86.Build.0 = Release|Any CPU
	EndGlobalSection
	GlobalSection(SolutionProperties) = preSolution
		HideSolutionNode = FALSE
	EndGlobalSection
	GlobalSection(ExtensibilityGlobals) = postSolution
		SolutionGuid = {D7F5F526-5616-4E8A-A509-12A6A87EBE3A}
	EndGlobalSection
EndGlobal
